// !$*UTF8*$!
{
	archiveVersion = 1;
	classes = {
	};
	objectVersion = 56;
	objects = {

/* Begin PBXBuildFile section */
		9703997E2A8BB07300E51F78 /* lottie_win.json in Resources */ = {isa = PBXBuildFile; fileRef = 9703997D2A8BB07300E51F78 /* lottie_win.json */; };
		970399802A8CB56B00E51F78 /* ConfigureSessionVC.swift in Sources */ = {isa = PBXBuildFile; fileRef = 9703997F2A8CB56B00E51F78 /* ConfigureSessionVC.swift */; };
		972C24F62AADB30D00700459 /* CardSelectionVC.swift in Sources */ = {isa = PBXBuildFile; fileRef = 972C24F52AADB30D00700459 /* CardSelectionVC.swift */; };
		972C24F82AADB33700700459 /* RotatingView.swift in Sources */ = {isa = PBXBuildFile; fileRef = 972C24F72AADB33700700459 /* RotatingView.swift */; };
		972C24FA2AADDBC500700459 /* RotatingRoleCell.swift in Sources */ = {isa = PBXBuildFile; fileRef = 972C24F92AADDBC500700459 /* RotatingRoleCell.swift */; };
		972C24FC2AADE6AB00700459 /* CGPoint+Extension.swift in Sources */ = {isa = PBXBuildFile; fileRef = 972C24FB2AADE6AB00700459 /* CGPoint+Extension.swift */; };
		972C25042AADF71E00700459 /* lover.png in Resources */ = {isa = PBXBuildFile; fileRef = 972C24FD2AADF71C00700459 /* lover.png */; };
		972C25052AADF71E00700459 /* maniac.png in Resources */ = {isa = PBXBuildFile; fileRef = 972C24FE2AADF71C00700459 /* maniac.png */; };
		972C25062AADF71E00700459 /* wolf.png in Resources */ = {isa = PBXBuildFile; fileRef = 972C24FF2AADF71D00700459 /* wolf.png */; };
		972C25072AADF71E00700459 /* medic.png in Resources */ = {isa = PBXBuildFile; fileRef = 972C25002AADF71D00700459 /* medic.png */; };
		972C25082AADF71E00700459 /* commissar.png in Resources */ = {isa = PBXBuildFile; fileRef = 972C25012AADF71D00700459 /* commissar.png */; };
		972C25092AADF71E00700459 /* mafia.png in Resources */ = {isa = PBXBuildFile; fileRef = 972C25022AADF71E00700459 /* mafia.png */; };
		972C250A2AADF71E00700459 /* civilian.png in Resources */ = {isa = PBXBuildFile; fileRef = 972C25032AADF71E00700459 /* civilian.png */; };
		972C250C2AADF8D600700459 /* loupe.png in Resources */ = {isa = PBXBuildFile; fileRef = 972C250B2AADF8D600700459 /* loupe.png */; };
		973AE5162A841A10005F13F8 /* UIViewController+Extension.swift in Sources */ = {isa = PBXBuildFile; fileRef = 973AE5152A841A10005F13F8 /* UIViewController+Extension.swift */; };
		973AE5182A841A1C005F13F8 /* UIColor+Extension.swift in Sources */ = {isa = PBXBuildFile; fileRef = 973AE5172A841A1C005F13F8 /* UIColor+Extension.swift */; };
		973AE51A2A841A26005F13F8 /* UIView+Extension.swift in Sources */ = {isa = PBXBuildFile; fileRef = 973AE5192A841A26005F13F8 /* UIView+Extension.swift */; };
		973AE51C2A841A36005F13F8 /* UIImage+Extension.swift in Sources */ = {isa = PBXBuildFile; fileRef = 973AE51B2A841A36005F13F8 /* UIImage+Extension.swift */; };
		973AE51E2A841A40005F13F8 /* UIFont+Extension.swift in Sources */ = {isa = PBXBuildFile; fileRef = 973AE51D2A841A40005F13F8 /* UIFont+Extension.swift */; };
		973AE5202A841A4E005F13F8 /* UIScreen+Extension.swift in Sources */ = {isa = PBXBuildFile; fileRef = 973AE51F2A841A4E005F13F8 /* UIScreen+Extension.swift */; };
		973AE5222A841A64005F13F8 /* Collection+Extension.swift in Sources */ = {isa = PBXBuildFile; fileRef = 973AE5212A841A64005F13F8 /* Collection+Extension.swift */; };
		973AE5242A841A83005F13F8 /* UIResponder+Extension.swift in Sources */ = {isa = PBXBuildFile; fileRef = 973AE5232A841A83005F13F8 /* UIResponder+Extension.swift */; };
		973AE5272A841BB6005F13F8 /* EditableTableViewCell.swift in Sources */ = {isa = PBXBuildFile; fileRef = 973AE5262A841BB6005F13F8 /* EditableTableViewCell.swift */; };
		973AE5292A8426BF005F13F8 /* IntTableViewCell.swift in Sources */ = {isa = PBXBuildFile; fileRef = 973AE5282A8426BF005F13F8 /* IntTableViewCell.swift */; };
		973AE52B2A842F82005F13F8 /* BoolTableViewCell.swift in Sources */ = {isa = PBXBuildFile; fileRef = 973AE52A2A842F82005F13F8 /* BoolTableViewCell.swift */; };
		973AE52E2A843321005F13F8 /* NumericTextField.swift in Sources */ = {isa = PBXBuildFile; fileRef = 973AE52D2A843321005F13F8 /* NumericTextField.swift */; };
		973AE5302A84F00B005F13F8 /* Models.swift in Sources */ = {isa = PBXBuildFile; fileRef = 973AE52F2A84F00B005F13F8 /* Models.swift */; };
		973AE5322A8500F5005F13F8 /* CardAssignmentVC.swift in Sources */ = {isa = PBXBuildFile; fileRef = 973AE5312A8500F5005F13F8 /* CardAssignmentVC.swift */; };
		978884512A85168C00953C4A /* FirstNightVC.swift in Sources */ = {isa = PBXBuildFile; fileRef = 978884502A85168C00953C4A /* FirstNightVC.swift */; };
		978884532A86468F00953C4A /* FirstDayVC.swift in Sources */ = {isa = PBXBuildFile; fileRef = 978884522A86468F00953C4A /* FirstDayVC.swift */; };
		978884552A8646B200953C4A /* TimerView.swift in Sources */ = {isa = PBXBuildFile; fileRef = 978884542A8646B200953C4A /* TimerView.swift */; };
		978884572A86611800953C4A /* DayNightCicleVC.swift in Sources */ = {isa = PBXBuildFile; fileRef = 978884562A86611800953C4A /* DayNightCicleVC.swift */; };
		978884592A86644800953C4A /* NightView.swift in Sources */ = {isa = PBXBuildFile; fileRef = 978884582A86644800953C4A /* NightView.swift */; };
		9788845D2A86929D00953C4A /* LabelTableViewCell.swift in Sources */ = {isa = PBXBuildFile; fileRef = 9788845C2A86929D00953C4A /* LabelTableViewCell.swift */; };
		9788845F2A879D4A00953C4A /* NightVC.swift in Sources */ = {isa = PBXBuildFile; fileRef = 9788845E2A879D4A00953C4A /* NightVC.swift */; };
		978884612A87A12B00953C4A /* NightResultVC.swift in Sources */ = {isa = PBXBuildFile; fileRef = 978884602A87A12B00953C4A /* NightResultVC.swift */; };
		978884632A890D6F00953C4A /* WinnerVC.swift in Sources */ = {isa = PBXBuildFile; fileRef = 978884622A890D6F00953C4A /* WinnerVC.swift */; };
		978884652A891DCF00953C4A /* DayVC.swift in Sources */ = {isa = PBXBuildFile; fileRef = 978884642A891DCF00953C4A /* DayVC.swift */; };
		978884672A891E2200953C4A /* GlobalDiscussionVC.swift in Sources */ = {isa = PBXBuildFile; fileRef = 978884662A891E2200953C4A /* GlobalDiscussionVC.swift */; };
		978884692A89212000953C4A /* PlayersDiscussionVC.swift in Sources */ = {isa = PBXBuildFile; fileRef = 978884682A89212000953C4A /* PlayersDiscussionVC.swift */; };
		9788846B2A89401200953C4A /* VotedPlayersDiscussionVC.swift in Sources */ = {isa = PBXBuildFile; fileRef = 9788846A2A89401200953C4A /* VotedPlayersDiscussionVC.swift */; };
		9788846D2A89426E00953C4A /* DayVoteVC.swift in Sources */ = {isa = PBXBuildFile; fileRef = 9788846C2A89426E00953C4A /* DayVoteVC.swift */; };
		9788846F2A8A327500953C4A /* DayResultVC.swift in Sources */ = {isa = PBXBuildFile; fileRef = 9788846E2A8A327500953C4A /* DayResultVC.swift */; };
		978884722A8A379700953C4A /* ButtonVC.swift in Sources */ = {isa = PBXBuildFile; fileRef = 978884712A8A379700953C4A /* ButtonVC.swift */; };
		978884742A8A37A300953C4A /* TouchTransparentVC.swift in Sources */ = {isa = PBXBuildFile; fileRef = 978884732A8A37A300953C4A /* TouchTransparentVC.swift */; };
		979BFD692A95230C004F3613 /* app-icon.png in Resources */ = {isa = PBXBuildFile; fileRef = 979BFD682A95230C004F3613 /* app-icon.png */; };
		97AEB6692A9F636F00464742 /* DetailedSessionVC.swift in Sources */ = {isa = PBXBuildFile; fileRef = 97AEB6682A9F636F00464742 /* DetailedSessionVC.swift */; };
		97AEB66B2A9F68AD00464742 /* GenericTableViewCell.swift in Sources */ = {isa = PBXBuildFile; fileRef = 97AEB66A2A9F68AD00464742 /* GenericTableViewCell.swift */; };
		97AEB66D2A9F6AA700464742 /* DetailedSessionTableViewCell.swift in Sources */ = {isa = PBXBuildFile; fileRef = 97AEB66C2A9F6AA700464742 /* DetailedSessionTableViewCell.swift */; };
		97B8B0AC2A9B74AD0053CADA /* GlobalSettings.swift in Sources */ = {isa = PBXBuildFile; fileRef = 97B8B0AB2A9B74AD0053CADA /* GlobalSettings.swift */; };
		97B8B0AE2A9B7CC00053CADA /* GlobalSettingsVC.swift in Sources */ = {isa = PBXBuildFile; fileRef = 97B8B0AD2A9B7CC00053CADA /* GlobalSettingsVC.swift */; };
		97B8B0B02A9B83690053CADA /* ViewsModels.swift in Sources */ = {isa = PBXBuildFile; fileRef = 97B8B0AF2A9B83690053CADA /* ViewsModels.swift */; };
		97B8B0B22A9B85720053CADA /* VariantsTableViewCell.swift in Sources */ = {isa = PBXBuildFile; fileRef = 97B8B0B12A9B85720053CADA /* VariantsTableViewCell.swift */; };
		97E563982A8CF84B000281F4 /* SessionViewModel.swift in Sources */ = {isa = PBXBuildFile; fileRef = 97E563972A8CF84B000281F4 /* SessionViewModel.swift */; };
		97E5639A2A8E092D000281F4 /* StorageModels.swift in Sources */ = {isa = PBXBuildFile; fileRef = 97E563992A8E092D000281F4 /* StorageModels.swift */; };
		97E5639C2A8E0A93000281F4 /* StorageSessionViewModel.swift in Sources */ = {isa = PBXBuildFile; fileRef = 97E5639B2A8E0A93000281F4 /* StorageSessionViewModel.swift */; };
		97E5639E2A8E1D4A000281F4 /* SessionTableViewCell.swift in Sources */ = {isa = PBXBuildFile; fileRef = 97E5639D2A8E1D4A000281F4 /* SessionTableViewCell.swift */; };
		97E563A02A8E2228000281F4 /* SessionTableView.swift in Sources */ = {isa = PBXBuildFile; fileRef = 97E5639F2A8E2228000281F4 /* SessionTableView.swift */; };
		97E563A52A8E6D35000281F4 /* Array+Extension.swift in Sources */ = {isa = PBXBuildFile; fileRef = 97E563A42A8E6D35000281F4 /* Array+Extension.swift */; };
		97E563A72A8F4C74000281F4 /* LastDiscussionVC.swift in Sources */ = {isa = PBXBuildFile; fileRef = 97E563A62A8F4C74000281F4 /* LastDiscussionVC.swift */; };
		97E563A92A8F70FA000281F4 /* DayVoteStatisticVC.swift in Sources */ = {isa = PBXBuildFile; fileRef = 97E563A82A8F70FA000281F4 /* DayVoteStatisticVC.swift */; };
		97E563AB2A8FB884000281F4 /* SessionVC.swift in Sources */ = {isa = PBXBuildFile; fileRef = 97E563AA2A8FB884000281F4 /* SessionVC.swift */; };
		97E563AD2A8FBE51000281F4 /* SessionView.swift in Sources */ = {isa = PBXBuildFile; fileRef = 97E563AC2A8FBE51000281F4 /* SessionView.swift */; };
		97E563AF2A8FD732000281F4 /* SessionTransitionManager.swift in Sources */ = {isa = PBXBuildFile; fileRef = 97E563AE2A8FD732000281F4 /* SessionTransitionManager.swift */; };
		97E563B22A92039C000281F4 /* TransitionManager.swift in Sources */ = {isa = PBXBuildFile; fileRef = 97E563B12A92039C000281F4 /* TransitionManager.swift */; };
		97E5FCC62A84131F00E8BB0C /* AppDelegate.swift in Sources */ = {isa = PBXBuildFile; fileRef = 97E5FCC52A84131F00E8BB0C /* AppDelegate.swift */; };
		97E5FCC82A84131F00E8BB0C /* SceneDelegate.swift in Sources */ = {isa = PBXBuildFile; fileRef = 97E5FCC72A84131F00E8BB0C /* SceneDelegate.swift */; };
		97E5FCCA2A84131F00E8BB0C /* RootVC.swift in Sources */ = {isa = PBXBuildFile; fileRef = 97E5FCC92A84131F00E8BB0C /* RootVC.swift */; };
		97E5FCCD2A84131F00E8BB0C /* RootVC.storyboard in Resources */ = {isa = PBXBuildFile; fileRef = 97E5FCCB2A84131F00E8BB0C /* RootVC.storyboard */; };
		97E5FCCF2A84132100E8BB0C /* Assets.xcassets in Resources */ = {isa = PBXBuildFile; fileRef = 97E5FCCE2A84132100E8BB0C /* Assets.xcassets */; };
		97E5FCD22A84132100E8BB0C /* LaunchScreen.storyboard in Resources */ = {isa = PBXBuildFile; fileRef = 97E5FCD02A84132100E8BB0C /* LaunchScreen.storyboard */; };
		97E5FCDF2A8417EB00E8BB0C /* CreateSessionVC.swift in Sources */ = {isa = PBXBuildFile; fileRef = 97E5FCDE2A8417EB00E8BB0C /* CreateSessionVC.swift */; };
		B18EADFDAB625C7AD636964F /* Pods_MafiaMindset.framework in Frameworks */ = {isa = PBXBuildFile; fileRef = F515861B60E4280347EB19B9 /* Pods_MafiaMindset.framework */; };
/* End PBXBuildFile section */

/* Begin PBXFileReference section */
		653CA5658E9804154FAAE99F /* Pods-MafiaMindset.debug.xcconfig */ = {isa = PBXFileReference; includeInIndex = 1; lastKnownFileType = text.xcconfig; name = "Pods-MafiaMindset.debug.xcconfig"; path = "Target Support Files/Pods-MafiaMindset/Pods-MafiaMindset.debug.xcconfig"; sourceTree = "<group>"; };
		9703997D2A8BB07300E51F78 /* lottie_win.json */ = {isa = PBXFileReference; fileEncoding = 4; lastKnownFileType = text.json; path = lottie_win.json; sourceTree = "<group>"; };
		9703997F2A8CB56B00E51F78 /* ConfigureSessionVC.swift */ = {isa = PBXFileReference; lastKnownFileType = sourcecode.swift; path = ConfigureSessionVC.swift; sourceTree = "<group>"; };
		972C24F52AADB30D00700459 /* CardSelectionVC.swift */ = {isa = PBXFileReference; lastKnownFileType = sourcecode.swift; path = CardSelectionVC.swift; sourceTree = "<group>"; };
		972C24F72AADB33700700459 /* RotatingView.swift */ = {isa = PBXFileReference; lastKnownFileType = sourcecode.swift; path = RotatingView.swift; sourceTree = "<group>"; };
		972C24F92AADDBC500700459 /* RotatingRoleCell.swift */ = {isa = PBXFileReference; lastKnownFileType = sourcecode.swift; path = RotatingRoleCell.swift; sourceTree = "<group>"; };
		972C24FB2AADE6AB00700459 /* CGPoint+Extension.swift */ = {isa = PBXFileReference; lastKnownFileType = sourcecode.swift; path = "CGPoint+Extension.swift"; sourceTree = "<group>"; };
		972C24FD2AADF71C00700459 /* lover.png */ = {isa = PBXFileReference; lastKnownFileType = image.png; path = lover.png; sourceTree = "<group>"; };
		972C24FE2AADF71C00700459 /* maniac.png */ = {isa = PBXFileReference; lastKnownFileType = image.png; path = maniac.png; sourceTree = "<group>"; };
		972C24FF2AADF71D00700459 /* wolf.png */ = {isa = PBXFileReference; lastKnownFileType = image.png; path = wolf.png; sourceTree = "<group>"; };
		972C25002AADF71D00700459 /* medic.png */ = {isa = PBXFileReference; lastKnownFileType = image.png; path = medic.png; sourceTree = "<group>"; };
		972C25012AADF71D00700459 /* commissar.png */ = {isa = PBXFileReference; lastKnownFileType = image.png; path = commissar.png; sourceTree = "<group>"; };
		972C25022AADF71E00700459 /* mafia.png */ = {isa = PBXFileReference; lastKnownFileType = image.png; path = mafia.png; sourceTree = "<group>"; };
		972C25032AADF71E00700459 /* civilian.png */ = {isa = PBXFileReference; lastKnownFileType = image.png; path = civilian.png; sourceTree = "<group>"; };
		972C250B2AADF8D600700459 /* loupe.png */ = {isa = PBXFileReference; lastKnownFileType = image.png; path = loupe.png; sourceTree = "<group>"; };
		973AE5152A841A10005F13F8 /* UIViewController+Extension.swift */ = {isa = PBXFileReference; lastKnownFileType = sourcecode.swift; path = "UIViewController+Extension.swift"; sourceTree = "<group>"; };
		973AE5172A841A1C005F13F8 /* UIColor+Extension.swift */ = {isa = PBXFileReference; lastKnownFileType = sourcecode.swift; path = "UIColor+Extension.swift"; sourceTree = "<group>"; };
		973AE5192A841A26005F13F8 /* UIView+Extension.swift */ = {isa = PBXFileReference; lastKnownFileType = sourcecode.swift; path = "UIView+Extension.swift"; sourceTree = "<group>"; };
		973AE51B2A841A36005F13F8 /* UIImage+Extension.swift */ = {isa = PBXFileReference; lastKnownFileType = sourcecode.swift; path = "UIImage+Extension.swift"; sourceTree = "<group>"; };
		973AE51D2A841A40005F13F8 /* UIFont+Extension.swift */ = {isa = PBXFileReference; lastKnownFileType = sourcecode.swift; path = "UIFont+Extension.swift"; sourceTree = "<group>"; };
		973AE51F2A841A4E005F13F8 /* UIScreen+Extension.swift */ = {isa = PBXFileReference; lastKnownFileType = sourcecode.swift; path = "UIScreen+Extension.swift"; sourceTree = "<group>"; };
		973AE5212A841A64005F13F8 /* Collection+Extension.swift */ = {isa = PBXFileReference; lastKnownFileType = sourcecode.swift; path = "Collection+Extension.swift"; sourceTree = "<group>"; };
		973AE5232A841A83005F13F8 /* UIResponder+Extension.swift */ = {isa = PBXFileReference; lastKnownFileType = sourcecode.swift; path = "UIResponder+Extension.swift"; sourceTree = "<group>"; };
		973AE5262A841BB6005F13F8 /* EditableTableViewCell.swift */ = {isa = PBXFileReference; lastKnownFileType = sourcecode.swift; path = EditableTableViewCell.swift; sourceTree = "<group>"; };
		973AE5282A8426BF005F13F8 /* IntTableViewCell.swift */ = {isa = PBXFileReference; lastKnownFileType = sourcecode.swift; path = IntTableViewCell.swift; sourceTree = "<group>"; };
		973AE52A2A842F82005F13F8 /* BoolTableViewCell.swift */ = {isa = PBXFileReference; lastKnownFileType = sourcecode.swift; path = BoolTableViewCell.swift; sourceTree = "<group>"; };
		973AE52D2A843321005F13F8 /* NumericTextField.swift */ = {isa = PBXFileReference; lastKnownFileType = sourcecode.swift; path = NumericTextField.swift; sourceTree = "<group>"; };
		973AE52F2A84F00B005F13F8 /* Models.swift */ = {isa = PBXFileReference; lastKnownFileType = sourcecode.swift; path = Models.swift; sourceTree = "<group>"; };
		973AE5312A8500F5005F13F8 /* CardAssignmentVC.swift */ = {isa = PBXFileReference; lastKnownFileType = sourcecode.swift; path = CardAssignmentVC.swift; sourceTree = "<group>"; };
		978884502A85168C00953C4A /* FirstNightVC.swift */ = {isa = PBXFileReference; lastKnownFileType = sourcecode.swift; path = FirstNightVC.swift; sourceTree = "<group>"; };
		978884522A86468F00953C4A /* FirstDayVC.swift */ = {isa = PBXFileReference; lastKnownFileType = sourcecode.swift; path = FirstDayVC.swift; sourceTree = "<group>"; };
		978884542A8646B200953C4A /* TimerView.swift */ = {isa = PBXFileReference; lastKnownFileType = sourcecode.swift; path = TimerView.swift; sourceTree = "<group>"; };
		978884562A86611800953C4A /* DayNightCicleVC.swift */ = {isa = PBXFileReference; lastKnownFileType = sourcecode.swift; path = DayNightCicleVC.swift; sourceTree = "<group>"; };
		978884582A86644800953C4A /* NightView.swift */ = {isa = PBXFileReference; lastKnownFileType = sourcecode.swift; path = NightView.swift; sourceTree = "<group>"; };
		9788845C2A86929D00953C4A /* LabelTableViewCell.swift */ = {isa = PBXFileReference; lastKnownFileType = sourcecode.swift; path = LabelTableViewCell.swift; sourceTree = "<group>"; };
		9788845E2A879D4A00953C4A /* NightVC.swift */ = {isa = PBXFileReference; lastKnownFileType = sourcecode.swift; path = NightVC.swift; sourceTree = "<group>"; };
		978884602A87A12B00953C4A /* NightResultVC.swift */ = {isa = PBXFileReference; lastKnownFileType = sourcecode.swift; path = NightResultVC.swift; sourceTree = "<group>"; };
		978884622A890D6F00953C4A /* WinnerVC.swift */ = {isa = PBXFileReference; lastKnownFileType = sourcecode.swift; path = WinnerVC.swift; sourceTree = "<group>"; };
		978884642A891DCF00953C4A /* DayVC.swift */ = {isa = PBXFileReference; lastKnownFileType = sourcecode.swift; path = DayVC.swift; sourceTree = "<group>"; };
		978884662A891E2200953C4A /* GlobalDiscussionVC.swift */ = {isa = PBXFileReference; lastKnownFileType = sourcecode.swift; path = GlobalDiscussionVC.swift; sourceTree = "<group>"; };
		978884682A89212000953C4A /* PlayersDiscussionVC.swift */ = {isa = PBXFileReference; lastKnownFileType = sourcecode.swift; path = PlayersDiscussionVC.swift; sourceTree = "<group>"; };
		9788846A2A89401200953C4A /* VotedPlayersDiscussionVC.swift */ = {isa = PBXFileReference; lastKnownFileType = sourcecode.swift; path = VotedPlayersDiscussionVC.swift; sourceTree = "<group>"; };
		9788846C2A89426E00953C4A /* DayVoteVC.swift */ = {isa = PBXFileReference; lastKnownFileType = sourcecode.swift; path = DayVoteVC.swift; sourceTree = "<group>"; };
		9788846E2A8A327500953C4A /* DayResultVC.swift */ = {isa = PBXFileReference; lastKnownFileType = sourcecode.swift; path = DayResultVC.swift; sourceTree = "<group>"; };
		978884712A8A379700953C4A /* ButtonVC.swift */ = {isa = PBXFileReference; lastKnownFileType = sourcecode.swift; path = ButtonVC.swift; sourceTree = "<group>"; };
		978884732A8A37A300953C4A /* TouchTransparentVC.swift */ = {isa = PBXFileReference; lastKnownFileType = sourcecode.swift; path = TouchTransparentVC.swift; sourceTree = "<group>"; };
		979BFD682A95230C004F3613 /* app-icon.png */ = {isa = PBXFileReference; lastKnownFileType = image.png; path = "app-icon.png"; sourceTree = "<group>"; };
		97AEB6682A9F636F00464742 /* DetailedSessionVC.swift */ = {isa = PBXFileReference; lastKnownFileType = sourcecode.swift; path = DetailedSessionVC.swift; sourceTree = "<group>"; };
		97AEB66A2A9F68AD00464742 /* GenericTableViewCell.swift */ = {isa = PBXFileReference; lastKnownFileType = sourcecode.swift; path = GenericTableViewCell.swift; sourceTree = "<group>"; };
		97AEB66C2A9F6AA700464742 /* DetailedSessionTableViewCell.swift */ = {isa = PBXFileReference; lastKnownFileType = sourcecode.swift; path = DetailedSessionTableViewCell.swift; sourceTree = "<group>"; };
		97B8B0AB2A9B74AD0053CADA /* GlobalSettings.swift */ = {isa = PBXFileReference; lastKnownFileType = sourcecode.swift; path = GlobalSettings.swift; sourceTree = "<group>"; };
		97B8B0AD2A9B7CC00053CADA /* GlobalSettingsVC.swift */ = {isa = PBXFileReference; lastKnownFileType = sourcecode.swift; path = GlobalSettingsVC.swift; sourceTree = "<group>"; };
		97B8B0AF2A9B83690053CADA /* ViewsModels.swift */ = {isa = PBXFileReference; lastKnownFileType = sourcecode.swift; path = ViewsModels.swift; sourceTree = "<group>"; };
		97B8B0B12A9B85720053CADA /* VariantsTableViewCell.swift */ = {isa = PBXFileReference; lastKnownFileType = sourcecode.swift; path = VariantsTableViewCell.swift; sourceTree = "<group>"; };
		97E563972A8CF84B000281F4 /* SessionViewModel.swift */ = {isa = PBXFileReference; lastKnownFileType = sourcecode.swift; path = SessionViewModel.swift; sourceTree = "<group>"; };
		97E563992A8E092D000281F4 /* StorageModels.swift */ = {isa = PBXFileReference; lastKnownFileType = sourcecode.swift; path = StorageModels.swift; sourceTree = "<group>"; };
		97E5639B2A8E0A93000281F4 /* StorageSessionViewModel.swift */ = {isa = PBXFileReference; lastKnownFileType = sourcecode.swift; path = StorageSessionViewModel.swift; sourceTree = "<group>"; };
		97E5639D2A8E1D4A000281F4 /* SessionTableViewCell.swift */ = {isa = PBXFileReference; lastKnownFileType = sourcecode.swift; path = SessionTableViewCell.swift; sourceTree = "<group>"; };
		97E5639F2A8E2228000281F4 /* SessionTableView.swift */ = {isa = PBXFileReference; lastKnownFileType = sourcecode.swift; path = SessionTableView.swift; sourceTree = "<group>"; };
		97E563A42A8E6D35000281F4 /* Array+Extension.swift */ = {isa = PBXFileReference; lastKnownFileType = sourcecode.swift; path = "Array+Extension.swift"; sourceTree = "<group>"; };
		97E563A62A8F4C74000281F4 /* LastDiscussionVC.swift */ = {isa = PBXFileReference; lastKnownFileType = sourcecode.swift; path = LastDiscussionVC.swift; sourceTree = "<group>"; };
		97E563A82A8F70FA000281F4 /* DayVoteStatisticVC.swift */ = {isa = PBXFileReference; lastKnownFileType = sourcecode.swift; path = DayVoteStatisticVC.swift; sourceTree = "<group>"; };
		97E563AA2A8FB884000281F4 /* SessionVC.swift */ = {isa = PBXFileReference; lastKnownFileType = sourcecode.swift; path = SessionVC.swift; sourceTree = "<group>"; };
		97E563AC2A8FBE51000281F4 /* SessionView.swift */ = {isa = PBXFileReference; lastKnownFileType = sourcecode.swift; path = SessionView.swift; sourceTree = "<group>"; };
		97E563AE2A8FD732000281F4 /* SessionTransitionManager.swift */ = {isa = PBXFileReference; lastKnownFileType = sourcecode.swift; path = SessionTransitionManager.swift; sourceTree = "<group>"; };
		97E563B12A92039C000281F4 /* TransitionManager.swift */ = {isa = PBXFileReference; lastKnownFileType = sourcecode.swift; path = TransitionManager.swift; sourceTree = "<group>"; };
		97E5FCC22A84131F00E8BB0C /* MafiaMindset.app */ = {isa = PBXFileReference; explicitFileType = wrapper.application; includeInIndex = 0; path = MafiaMindset.app; sourceTree = BUILT_PRODUCTS_DIR; };
		97E5FCC52A84131F00E8BB0C /* AppDelegate.swift */ = {isa = PBXFileReference; lastKnownFileType = sourcecode.swift; path = AppDelegate.swift; sourceTree = "<group>"; };
		97E5FCC72A84131F00E8BB0C /* SceneDelegate.swift */ = {isa = PBXFileReference; lastKnownFileType = sourcecode.swift; path = SceneDelegate.swift; sourceTree = "<group>"; };
		97E5FCC92A84131F00E8BB0C /* RootVC.swift */ = {isa = PBXFileReference; lastKnownFileType = sourcecode.swift; path = RootVC.swift; sourceTree = "<group>"; };
		97E5FCCC2A84131F00E8BB0C /* Base */ = {isa = PBXFileReference; lastKnownFileType = file.storyboard; name = Base; path = Base.lproj/RootVC.storyboard; sourceTree = "<group>"; };
		97E5FCCE2A84132100E8BB0C /* Assets.xcassets */ = {isa = PBXFileReference; lastKnownFileType = folder.assetcatalog; path = Assets.xcassets; sourceTree = "<group>"; };
		97E5FCD12A84132100E8BB0C /* Base */ = {isa = PBXFileReference; lastKnownFileType = file.storyboard; name = Base; path = Base.lproj/LaunchScreen.storyboard; sourceTree = "<group>"; };
		97E5FCD32A84132100E8BB0C /* Info.plist */ = {isa = PBXFileReference; lastKnownFileType = text.plist.xml; path = Info.plist; sourceTree = "<group>"; };
		97E5FCDE2A8417EB00E8BB0C /* CreateSessionVC.swift */ = {isa = PBXFileReference; lastKnownFileType = sourcecode.swift; path = CreateSessionVC.swift; sourceTree = "<group>"; };
		C246806C01FA99984BA02046 /* Pods-MafiaMindset.release.xcconfig */ = {isa = PBXFileReference; includeInIndex = 1; lastKnownFileType = text.xcconfig; name = "Pods-MafiaMindset.release.xcconfig"; path = "Target Support Files/Pods-MafiaMindset/Pods-MafiaMindset.release.xcconfig"; sourceTree = "<group>"; };
		F515861B60E4280347EB19B9 /* Pods_MafiaMindset.framework */ = {isa = PBXFileReference; explicitFileType = wrapper.framework; includeInIndex = 0; path = Pods_MafiaMindset.framework; sourceTree = BUILT_PRODUCTS_DIR; };
/* End PBXFileReference section */

/* Begin PBXFrameworksBuildPhase section */
		97E5FCBF2A84131F00E8BB0C /* Frameworks */ = {
			isa = PBXFrameworksBuildPhase;
			buildActionMask = 2147483647;
			files = (
				B18EADFDAB625C7AD636964F /* Pods_MafiaMindset.framework in Frameworks */,
			);
			runOnlyForDeploymentPostprocessing = 0;
		};
/* End PBXFrameworksBuildPhase section */

/* Begin PBXGroup section */
		08F264F71F5448DD751A9AF0 /* Pods */ = {
			isa = PBXGroup;
			children = (
				653CA5658E9804154FAAE99F /* Pods-MafiaMindset.debug.xcconfig */,
				C246806C01FA99984BA02046 /* Pods-MafiaMindset.release.xcconfig */,
			);
			path = Pods;
			sourceTree = "<group>";
		};
		9703997C2A8BB06D00E51F78 /* Lottie */ = {
			isa = PBXGroup;
			children = (
				9703997D2A8BB07300E51F78 /* lottie_win.json */,
			);
			path = Lottie;
			sourceTree = "<group>";
		};
		973AE5122A841918005F13F8 /* Models */ = {
			isa = PBXGroup;
			children = (
				973AE52F2A84F00B005F13F8 /* Models.swift */,
				97E563992A8E092D000281F4 /* StorageModels.swift */,
				97B8B0AF2A9B83690053CADA /* ViewsModels.swift */,
			);
			path = Models;
			sourceTree = "<group>";
		};
		973AE5132A84191E005F13F8 /* ViewModels */ = {
			isa = PBXGroup;
			children = (
				97E563972A8CF84B000281F4 /* SessionViewModel.swift */,
				97E5639B2A8E0A93000281F4 /* StorageSessionViewModel.swift */,
				97B8B0AB2A9B74AD0053CADA /* GlobalSettings.swift */,
			);
			path = ViewModels;
			sourceTree = "<group>";
		};
		973AE5142A8419F2005F13F8 /* Extensions */ = {
			isa = PBXGroup;
			children = (
				973AE5152A841A10005F13F8 /* UIViewController+Extension.swift */,
				973AE5172A841A1C005F13F8 /* UIColor+Extension.swift */,
				973AE5192A841A26005F13F8 /* UIView+Extension.swift */,
				973AE51B2A841A36005F13F8 /* UIImage+Extension.swift */,
				973AE51D2A841A40005F13F8 /* UIFont+Extension.swift */,
				973AE51F2A841A4E005F13F8 /* UIScreen+Extension.swift */,
				973AE5212A841A64005F13F8 /* Collection+Extension.swift */,
				973AE5232A841A83005F13F8 /* UIResponder+Extension.swift */,
				97E563A42A8E6D35000281F4 /* Array+Extension.swift */,
				972C24FB2AADE6AB00700459 /* CGPoint+Extension.swift */,
			);
			path = Extensions;
			sourceTree = "<group>";
		};
		973AE5252A841B80005F13F8 /* Cells */ = {
			isa = PBXGroup;
			children = (
				973AE5262A841BB6005F13F8 /* EditableTableViewCell.swift */,
				973AE5282A8426BF005F13F8 /* IntTableViewCell.swift */,
				973AE52A2A842F82005F13F8 /* BoolTableViewCell.swift */,
				9788845C2A86929D00953C4A /* LabelTableViewCell.swift */,
				97E5639D2A8E1D4A000281F4 /* SessionTableViewCell.swift */,
				97B8B0B12A9B85720053CADA /* VariantsTableViewCell.swift */,
				97AEB66A2A9F68AD00464742 /* GenericTableViewCell.swift */,
				97AEB66C2A9F6AA700464742 /* DetailedSessionTableViewCell.swift */,
				972C24F92AADDBC500700459 /* RotatingRoleCell.swift */,
			);
			path = Cells;
			sourceTree = "<group>";
		};
		973AE52C2A843315005F13F8 /* Misc */ = {
			isa = PBXGroup;
			children = (
				973AE52D2A843321005F13F8 /* NumericTextField.swift */,
				978884732A8A37A300953C4A /* TouchTransparentVC.swift */,
				972C24F72AADB33700700459 /* RotatingView.swift */,
			);
			path = Misc;
			sourceTree = "<group>";
		};
		978884702A8A378A00953C4A /* Misc */ = {
			isa = PBXGroup;
			children = (
				978884712A8A379700953C4A /* ButtonVC.swift */,
				972C24F52AADB30D00700459 /* CardSelectionVC.swift */,
			);
			path = Misc;
			sourceTree = "<group>";
		};
		97E563A12A8E2571000281F4 /* Images */ = {
			isa = PBXGroup;
			children = (
				972C250B2AADF8D600700459 /* loupe.png */,
				972C25012AADF71D00700459 /* commissar.png */,
				972C25032AADF71E00700459 /* civilian.png */,
				972C25022AADF71E00700459 /* mafia.png */,
				972C24FE2AADF71C00700459 /* maniac.png */,
				972C24FD2AADF71C00700459 /* lover.png */,
				972C25002AADF71D00700459 /* medic.png */,
				972C24FF2AADF71D00700459 /* wolf.png */,
				979BFD682A95230C004F3613 /* app-icon.png */,
			);
			path = Images;
			sourceTree = "<group>";
		};
		97E563B02A8FD739000281F4 /* Animators */ = {
			isa = PBXGroup;
			children = (
				97E563AE2A8FD732000281F4 /* SessionTransitionManager.swift */,
				97E563B12A92039C000281F4 /* TransitionManager.swift */,
			);
			path = Animators;
			sourceTree = "<group>";
		};
		97E5FCB92A84131F00E8BB0C = {
			isa = PBXGroup;
			children = (
				97E5FCC42A84131F00E8BB0C /* MafiaMindset */,
				97E5FCC32A84131F00E8BB0C /* Products */,
				08F264F71F5448DD751A9AF0 /* Pods */,
				BB7C0DF249913D7B69A1E04D /* Frameworks */,
			);
			sourceTree = "<group>";
		};
		97E5FCC32A84131F00E8BB0C /* Products */ = {
			isa = PBXGroup;
			children = (
				97E5FCC22A84131F00E8BB0C /* MafiaMindset.app */,
			);
			name = Products;
			sourceTree = "<group>";
		};
		97E5FCC42A84131F00E8BB0C /* MafiaMindset */ = {
			isa = PBXGroup;
			children = (
				97E563B02A8FD739000281F4 /* Animators */,
				973AE5142A8419F2005F13F8 /* Extensions */,
				973AE5132A84191E005F13F8 /* ViewModels */,
				973AE5122A841918005F13F8 /* Models */,
				97E5FCDD2A84133C00E8BB0C /* Assets */,
				97E5FCDC2A84133500E8BB0C /* Storyboards */,
				97E5FCDB2A84133200E8BB0C /* Views */,
				97E5FCDA2A84132D00E8BB0C /* ViewControllers */,
				97E5FCD92A84132600E8BB0C /* AppDelegate */,
			);
			path = MafiaMindset;
			sourceTree = "<group>";
		};
		97E5FCD92A84132600E8BB0C /* AppDelegate */ = {
			isa = PBXGroup;
			children = (
				97E5FCC52A84131F00E8BB0C /* AppDelegate.swift */,
				97E5FCC72A84131F00E8BB0C /* SceneDelegate.swift */,
			);
			path = AppDelegate;
			sourceTree = "<group>";
		};
		97E5FCDA2A84132D00E8BB0C /* ViewControllers */ = {
			isa = PBXGroup;
			children = (
				978884702A8A378A00953C4A /* Misc */,
				97E5FCC92A84131F00E8BB0C /* RootVC.swift */,
				97E5FCDE2A8417EB00E8BB0C /* CreateSessionVC.swift */,
				973AE5312A8500F5005F13F8 /* CardAssignmentVC.swift */,
				978884502A85168C00953C4A /* FirstNightVC.swift */,
				978884522A86468F00953C4A /* FirstDayVC.swift */,
				978884562A86611800953C4A /* DayNightCicleVC.swift */,
				9788845E2A879D4A00953C4A /* NightVC.swift */,
				978884602A87A12B00953C4A /* NightResultVC.swift */,
				978884622A890D6F00953C4A /* WinnerVC.swift */,
				978884642A891DCF00953C4A /* DayVC.swift */,
				978884662A891E2200953C4A /* GlobalDiscussionVC.swift */,
				978884682A89212000953C4A /* PlayersDiscussionVC.swift */,
				9788846A2A89401200953C4A /* VotedPlayersDiscussionVC.swift */,
				9788846C2A89426E00953C4A /* DayVoteVC.swift */,
				9788846E2A8A327500953C4A /* DayResultVC.swift */,
				9703997F2A8CB56B00E51F78 /* ConfigureSessionVC.swift */,
				97E563A62A8F4C74000281F4 /* LastDiscussionVC.swift */,
				97E563A82A8F70FA000281F4 /* DayVoteStatisticVC.swift */,
				97E563AA2A8FB884000281F4 /* SessionVC.swift */,
				97B8B0AD2A9B7CC00053CADA /* GlobalSettingsVC.swift */,
				97AEB6682A9F636F00464742 /* DetailedSessionVC.swift */,
			);
			path = ViewControllers;
			sourceTree = "<group>";
		};
		97E5FCDB2A84133200E8BB0C /* Views */ = {
			isa = PBXGroup;
			children = (
				973AE52C2A843315005F13F8 /* Misc */,
				973AE5252A841B80005F13F8 /* Cells */,
				978884542A8646B200953C4A /* TimerView.swift */,
				978884582A86644800953C4A /* NightView.swift */,
				97E5639F2A8E2228000281F4 /* SessionTableView.swift */,
				97E563AC2A8FBE51000281F4 /* SessionView.swift */,
			);
			path = Views;
			sourceTree = "<group>";
		};
		97E5FCDC2A84133500E8BB0C /* Storyboards */ = {
			isa = PBXGroup;
			children = (
				97E5FCCB2A84131F00E8BB0C /* RootVC.storyboard */,
				97E5FCD02A84132100E8BB0C /* LaunchScreen.storyboard */,
			);
			path = Storyboards;
			sourceTree = "<group>";
		};
		97E5FCDD2A84133C00E8BB0C /* Assets */ = {
			isa = PBXGroup;
			children = (
				97E563A12A8E2571000281F4 /* Images */,
				9703997C2A8BB06D00E51F78 /* Lottie */,
				97E5FCCE2A84132100E8BB0C /* Assets.xcassets */,
				97E5FCD32A84132100E8BB0C /* Info.plist */,
			);
			path = Assets;
			sourceTree = "<group>";
		};
		BB7C0DF249913D7B69A1E04D /* Frameworks */ = {
			isa = PBXGroup;
			children = (
				F515861B60E4280347EB19B9 /* Pods_MafiaMindset.framework */,
			);
			name = Frameworks;
			sourceTree = "<group>";
		};
/* End PBXGroup section */

/* Begin PBXNativeTarget section */
		97E5FCC12A84131F00E8BB0C /* MafiaMindset */ = {
			isa = PBXNativeTarget;
			buildConfigurationList = 97E5FCD62A84132100E8BB0C /* Build configuration list for PBXNativeTarget "MafiaMindset" */;
			buildPhases = (
				CA8583F10A307F087B8DCCB3 /* [CP] Check Pods Manifest.lock */,
				97E5FCBE2A84131F00E8BB0C /* Sources */,
				97E5FCBF2A84131F00E8BB0C /* Frameworks */,
				97E5FCC02A84131F00E8BB0C /* Resources */,
				683DEBEAC41B2B17365624C2 /* [CP] Embed Pods Frameworks */,
			);
			buildRules = (
			);
			dependencies = (
			);
			name = MafiaMindset;
			productName = MafiaMindset;
			productReference = 97E5FCC22A84131F00E8BB0C /* MafiaMindset.app */;
			productType = "com.apple.product-type.application";
		};
/* End PBXNativeTarget section */

/* Begin PBXProject section */
		97E5FCBA2A84131F00E8BB0C /* Project object */ = {
			isa = PBXProject;
			attributes = {
				BuildIndependentTargetsInParallel = 1;
				LastSwiftUpdateCheck = 1500;
				LastUpgradeCheck = 1500;
				TargetAttributes = {
					97E5FCC12A84131F00E8BB0C = {
						CreatedOnToolsVersion = 15.0;
					};
				};
			};
			buildConfigurationList = 97E5FCBD2A84131F00E8BB0C /* Build configuration list for PBXProject "MafiaMindset" */;
			compatibilityVersion = "Xcode 14.0";
			developmentRegion = en;
			hasScannedForEncodings = 0;
			knownRegions = (
				en,
				Base,
			);
			mainGroup = 97E5FCB92A84131F00E8BB0C;
			productRefGroup = 97E5FCC32A84131F00E8BB0C /* Products */;
			projectDirPath = "";
			projectRoot = "";
			targets = (
				97E5FCC12A84131F00E8BB0C /* MafiaMindset */,
			);
		};
/* End PBXProject section */

/* Begin PBXResourcesBuildPhase section */
		97E5FCC02A84131F00E8BB0C /* Resources */ = {
			isa = PBXResourcesBuildPhase;
			buildActionMask = 2147483647;
			files = (
				97E5FCD22A84132100E8BB0C /* LaunchScreen.storyboard in Resources */,
				972C25052AADF71E00700459 /* maniac.png in Resources */,
				972C250A2AADF71E00700459 /* civilian.png in Resources */,
				972C25072AADF71E00700459 /* medic.png in Resources */,
				972C25092AADF71E00700459 /* mafia.png in Resources */,
				9703997E2A8BB07300E51F78 /* lottie_win.json in Resources */,
				972C25062AADF71E00700459 /* wolf.png in Resources */,
				972C250C2AADF8D600700459 /* loupe.png in Resources */,
				972C25042AADF71E00700459 /* lover.png in Resources */,
				97E5FCCF2A84132100E8BB0C /* Assets.xcassets in Resources */,
				972C25082AADF71E00700459 /* commissar.png in Resources */,
				979BFD692A95230C004F3613 /* app-icon.png in Resources */,
				97E5FCCD2A84131F00E8BB0C /* RootVC.storyboard in Resources */,
			);
			runOnlyForDeploymentPostprocessing = 0;
		};
/* End PBXResourcesBuildPhase section */

/* Begin PBXShellScriptBuildPhase section */
		683DEBEAC41B2B17365624C2 /* [CP] Embed Pods Frameworks */ = {
			isa = PBXShellScriptBuildPhase;
			buildActionMask = 2147483647;
			files = (
			);
			inputFileListPaths = (
				"${PODS_ROOT}/Target Support Files/Pods-MafiaMindset/Pods-MafiaMindset-frameworks-${CONFIGURATION}-input-files.xcfilelist",
			);
			name = "[CP] Embed Pods Frameworks";
			outputFileListPaths = (
				"${PODS_ROOT}/Target Support Files/Pods-MafiaMindset/Pods-MafiaMindset-frameworks-${CONFIGURATION}-output-files.xcfilelist",
			);
			runOnlyForDeploymentPostprocessing = 0;
			shellPath = /bin/sh;
			shellScript = "\"${PODS_ROOT}/Target Support Files/Pods-MafiaMindset/Pods-MafiaMindset-frameworks.sh\"\n";
			showEnvVarsInLog = 0;
		};
		CA8583F10A307F087B8DCCB3 /* [CP] Check Pods Manifest.lock */ = {
			isa = PBXShellScriptBuildPhase;
			buildActionMask = 2147483647;
			files = (
			);
			inputFileListPaths = (
			);
			inputPaths = (
				"${PODS_PODFILE_DIR_PATH}/Podfile.lock",
				"${PODS_ROOT}/Manifest.lock",
			);
			name = "[CP] Check Pods Manifest.lock";
			outputFileListPaths = (
			);
			outputPaths = (
				"$(DERIVED_FILE_DIR)/Pods-MafiaMindset-checkManifestLockResult.txt",
			);
			runOnlyForDeploymentPostprocessing = 0;
			shellPath = /bin/sh;
			shellScript = "diff \"${PODS_PODFILE_DIR_PATH}/Podfile.lock\" \"${PODS_ROOT}/Manifest.lock\" > /dev/null\nif [ $? != 0 ] ; then\n    # print error to STDERR\n    echo \"error: The sandbox is not in sync with the Podfile.lock. Run 'pod install' or update your CocoaPods installation.\" >&2\n    exit 1\nfi\n# This output is used by Xcode 'outputs' to avoid re-running this script phase.\necho \"SUCCESS\" > \"${SCRIPT_OUTPUT_FILE_0}\"\n";
			showEnvVarsInLog = 0;
		};
/* End PBXShellScriptBuildPhase section */

/* Begin PBXSourcesBuildPhase section */
		97E5FCBE2A84131F00E8BB0C /* Sources */ = {
			isa = PBXSourcesBuildPhase;
			buildActionMask = 2147483647;
			files = (
				978884552A8646B200953C4A /* TimerView.swift in Sources */,
				97E563AF2A8FD732000281F4 /* SessionTransitionManager.swift in Sources */,
				972C24F62AADB30D00700459 /* CardSelectionVC.swift in Sources */,
				97E563AD2A8FBE51000281F4 /* SessionView.swift in Sources */,
				9788845F2A879D4A00953C4A /* NightVC.swift in Sources */,
				9788846B2A89401200953C4A /* VotedPlayersDiscussionVC.swift in Sources */,
				973AE5222A841A64005F13F8 /* Collection+Extension.swift in Sources */,
				978884722A8A379700953C4A /* ButtonVC.swift in Sources */,
				97E563A72A8F4C74000281F4 /* LastDiscussionVC.swift in Sources */,
				973AE5302A84F00B005F13F8 /* Models.swift in Sources */,
				97E5FCCA2A84131F00E8BB0C /* RootVC.swift in Sources */,
				972C24FA2AADDBC500700459 /* RotatingRoleCell.swift in Sources */,
				972C24FC2AADE6AB00700459 /* CGPoint+Extension.swift in Sources */,
				973AE5242A841A83005F13F8 /* UIResponder+Extension.swift in Sources */,
				978884512A85168C00953C4A /* FirstNightVC.swift in Sources */,
				973AE5292A8426BF005F13F8 /* IntTableViewCell.swift in Sources */,
				978884612A87A12B00953C4A /* NightResultVC.swift in Sources */,
				97AEB66D2A9F6AA700464742 /* DetailedSessionTableViewCell.swift in Sources */,
				973AE5202A841A4E005F13F8 /* UIScreen+Extension.swift in Sources */,
				97E563AB2A8FB884000281F4 /* SessionVC.swift in Sources */,
				97E5639E2A8E1D4A000281F4 /* SessionTableViewCell.swift in Sources */,
				9788846F2A8A327500953C4A /* DayResultVC.swift in Sources */,
				973AE51A2A841A26005F13F8 /* UIView+Extension.swift in Sources */,
				97E563A02A8E2228000281F4 /* SessionTableView.swift in Sources */,
				978884692A89212000953C4A /* PlayersDiscussionVC.swift in Sources */,
				973AE51E2A841A40005F13F8 /* UIFont+Extension.swift in Sources */,
				97E563982A8CF84B000281F4 /* SessionViewModel.swift in Sources */,
				97E563A92A8F70FA000281F4 /* DayVoteStatisticVC.swift in Sources */,
				97E563B22A92039C000281F4 /* TransitionManager.swift in Sources */,
				97E5FCDF2A8417EB00E8BB0C /* CreateSessionVC.swift in Sources */,
				978884652A891DCF00953C4A /* DayVC.swift in Sources */,
				97AEB66B2A9F68AD00464742 /* GenericTableViewCell.swift in Sources */,
				97B8B0B02A9B83690053CADA /* ViewsModels.swift in Sources */,
				978884592A86644800953C4A /* NightView.swift in Sources */,
				978884532A86468F00953C4A /* FirstDayVC.swift in Sources */,
				97E5639C2A8E0A93000281F4 /* StorageSessionViewModel.swift in Sources */,
				973AE5272A841BB6005F13F8 /* EditableTableViewCell.swift in Sources */,
				978884572A86611800953C4A /* DayNightCicleVC.swift in Sources */,
				970399802A8CB56B00E51F78 /* ConfigureSessionVC.swift in Sources */,
				978884672A891E2200953C4A /* GlobalDiscussionVC.swift in Sources */,
				973AE52B2A842F82005F13F8 /* BoolTableViewCell.swift in Sources */,
				973AE51C2A841A36005F13F8 /* UIImage+Extension.swift in Sources */,
				97B8B0B22A9B85720053CADA /* VariantsTableViewCell.swift in Sources */,
				97E5FCC62A84131F00E8BB0C /* AppDelegate.swift in Sources */,
				973AE5162A841A10005F13F8 /* UIViewController+Extension.swift in Sources */,
				978884742A8A37A300953C4A /* TouchTransparentVC.swift in Sources */,
				9788845D2A86929D00953C4A /* LabelTableViewCell.swift in Sources */,
				97B8B0AE2A9B7CC00053CADA /* GlobalSettingsVC.swift in Sources */,
				97E5639A2A8E092D000281F4 /* StorageModels.swift in Sources */,
				973AE52E2A843321005F13F8 /* NumericTextField.swift in Sources */,
				978884632A890D6F00953C4A /* WinnerVC.swift in Sources */,
				973AE5322A8500F5005F13F8 /* CardAssignmentVC.swift in Sources */,
				972C24F82AADB33700700459 /* RotatingView.swift in Sources */,
				973AE5182A841A1C005F13F8 /* UIColor+Extension.swift in Sources */,
				97B8B0AC2A9B74AD0053CADA /* GlobalSettings.swift in Sources */,
				97E563A52A8E6D35000281F4 /* Array+Extension.swift in Sources */,
				97AEB6692A9F636F00464742 /* DetailedSessionVC.swift in Sources */,
				97E5FCC82A84131F00E8BB0C /* SceneDelegate.swift in Sources */,
				9788846D2A89426E00953C4A /* DayVoteVC.swift in Sources */,
			);
			runOnlyForDeploymentPostprocessing = 0;
		};
/* End PBXSourcesBuildPhase section */

/* Begin PBXVariantGroup section */
		97E5FCCB2A84131F00E8BB0C /* RootVC.storyboard */ = {
			isa = PBXVariantGroup;
			children = (
				97E5FCCC2A84131F00E8BB0C /* Base */,
			);
			name = RootVC.storyboard;
			sourceTree = "<group>";
		};
		97E5FCD02A84132100E8BB0C /* LaunchScreen.storyboard */ = {
			isa = PBXVariantGroup;
			children = (
				97E5FCD12A84132100E8BB0C /* Base */,
			);
			name = LaunchScreen.storyboard;
			sourceTree = "<group>";
		};
/* End PBXVariantGroup section */

/* Begin XCBuildConfiguration section */
		97E5FCD42A84132100E8BB0C /* Debug */ = {
			isa = XCBuildConfiguration;
			buildSettings = {
				ALWAYS_SEARCH_USER_PATHS = NO;
				ASSETCATALOG_COMPILER_GENERATE_SWIFT_ASSET_SYMBOL_EXTENSIONS = YES;
				CLANG_ANALYZER_NONNULL = YES;
				CLANG_ANALYZER_NUMBER_OBJECT_CONVERSION = YES_AGGRESSIVE;
				CLANG_CXX_LANGUAGE_STANDARD = "gnu++20";
				CLANG_ENABLE_MODULES = YES;
				CLANG_ENABLE_OBJC_ARC = YES;
				CLANG_ENABLE_OBJC_WEAK = YES;
				CLANG_WARN_BLOCK_CAPTURE_AUTORELEASING = YES;
				CLANG_WARN_BOOL_CONVERSION = YES;
				CLANG_WARN_COMMA = YES;
				CLANG_WARN_CONSTANT_CONVERSION = YES;
				CLANG_WARN_DEPRECATED_OBJC_IMPLEMENTATIONS = YES;
				CLANG_WARN_DIRECT_OBJC_ISA_USAGE = YES_ERROR;
				CLANG_WARN_DOCUMENTATION_COMMENTS = YES;
				CLANG_WARN_EMPTY_BODY = YES;
				CLANG_WARN_ENUM_CONVERSION = YES;
				CLANG_WARN_INFINITE_RECURSION = YES;
				CLANG_WARN_INT_CONVERSION = YES;
				CLANG_WARN_NON_LITERAL_NULL_CONVERSION = YES;
				CLANG_WARN_OBJC_IMPLICIT_RETAIN_SELF = YES;
				CLANG_WARN_OBJC_LITERAL_CONVERSION = YES;
				CLANG_WARN_OBJC_ROOT_CLASS = YES_ERROR;
				CLANG_WARN_QUOTED_INCLUDE_IN_FRAMEWORK_HEADER = YES;
				CLANG_WARN_RANGE_LOOP_ANALYSIS = YES;
				CLANG_WARN_STRICT_PROTOTYPES = YES;
				CLANG_WARN_SUSPICIOUS_MOVE = YES;
				CLANG_WARN_UNGUARDED_AVAILABILITY = YES_AGGRESSIVE;
				CLANG_WARN_UNREACHABLE_CODE = YES;
				CLANG_WARN__DUPLICATE_METHOD_MATCH = YES;
				COPY_PHASE_STRIP = NO;
				DEBUG_INFORMATION_FORMAT = dwarf;
				ENABLE_STRICT_OBJC_MSGSEND = YES;
				ENABLE_TESTABILITY = YES;
				ENABLE_USER_SCRIPT_SANDBOXING = YES;
				GCC_C_LANGUAGE_STANDARD = gnu17;
				GCC_DYNAMIC_NO_PIC = NO;
				GCC_NO_COMMON_BLOCKS = YES;
				GCC_OPTIMIZATION_LEVEL = 0;
				GCC_PREPROCESSOR_DEFINITIONS = (
					"DEBUG=1",
					"$(inherited)",
				);
				GCC_WARN_64_TO_32_BIT_CONVERSION = YES;
				GCC_WARN_ABOUT_RETURN_TYPE = YES_ERROR;
				GCC_WARN_UNDECLARED_SELECTOR = YES;
				GCC_WARN_UNINITIALIZED_AUTOS = YES_AGGRESSIVE;
				GCC_WARN_UNUSED_FUNCTION = YES;
				GCC_WARN_UNUSED_VARIABLE = YES;
				IPHONEOS_DEPLOYMENT_TARGET = 17.0;
				LOCALIZATION_PREFERS_STRING_CATALOGS = YES;
				MTL_ENABLE_DEBUG_INFO = INCLUDE_SOURCE;
				MTL_FAST_MATH = YES;
				ONLY_ACTIVE_ARCH = YES;
				SDKROOT = iphoneos;
				SWIFT_ACTIVE_COMPILATION_CONDITIONS = "DEBUG $(inherited)";
				SWIFT_OPTIMIZATION_LEVEL = "-Onone";
			};
			name = Debug;
		};
		97E5FCD52A84132100E8BB0C /* Release */ = {
			isa = XCBuildConfiguration;
			buildSettings = {
				ALWAYS_SEARCH_USER_PATHS = NO;
				ASSETCATALOG_COMPILER_GENERATE_SWIFT_ASSET_SYMBOL_EXTENSIONS = YES;
				CLANG_ANALYZER_NONNULL = YES;
				CLANG_ANALYZER_NUMBER_OBJECT_CONVERSION = YES_AGGRESSIVE;
				CLANG_CXX_LANGUAGE_STANDARD = "gnu++20";
				CLANG_ENABLE_MODULES = YES;
				CLANG_ENABLE_OBJC_ARC = YES;
				CLANG_ENABLE_OBJC_WEAK = YES;
				CLANG_WARN_BLOCK_CAPTURE_AUTORELEASING = YES;
				CLANG_WARN_BOOL_CONVERSION = YES;
				CLANG_WARN_COMMA = YES;
				CLANG_WARN_CONSTANT_CONVERSION = YES;
				CLANG_WARN_DEPRECATED_OBJC_IMPLEMENTATIONS = YES;
				CLANG_WARN_DIRECT_OBJC_ISA_USAGE = YES_ERROR;
				CLANG_WARN_DOCUMENTATION_COMMENTS = YES;
				CLANG_WARN_EMPTY_BODY = YES;
				CLANG_WARN_ENUM_CONVERSION = YES;
				CLANG_WARN_INFINITE_RECURSION = YES;
				CLANG_WARN_INT_CONVERSION = YES;
				CLANG_WARN_NON_LITERAL_NULL_CONVERSION = YES;
				CLANG_WARN_OBJC_IMPLICIT_RETAIN_SELF = YES;
				CLANG_WARN_OBJC_LITERAL_CONVERSION = YES;
				CLANG_WARN_OBJC_ROOT_CLASS = YES_ERROR;
				CLANG_WARN_QUOTED_INCLUDE_IN_FRAMEWORK_HEADER = YES;
				CLANG_WARN_RANGE_LOOP_ANALYSIS = YES;
				CLANG_WARN_STRICT_PROTOTYPES = YES;
				CLANG_WARN_SUSPICIOUS_MOVE = YES;
				CLANG_WARN_UNGUARDED_AVAILABILITY = YES_AGGRESSIVE;
				CLANG_WARN_UNREACHABLE_CODE = YES;
				CLANG_WARN__DUPLICATE_METHOD_MATCH = YES;
				COPY_PHASE_STRIP = NO;
				DEBUG_INFORMATION_FORMAT = "dwarf-with-dsym";
				ENABLE_NS_ASSERTIONS = NO;
				ENABLE_STRICT_OBJC_MSGSEND = YES;
				ENABLE_USER_SCRIPT_SANDBOXING = YES;
				GCC_C_LANGUAGE_STANDARD = gnu17;
				GCC_NO_COMMON_BLOCKS = YES;
				GCC_WARN_64_TO_32_BIT_CONVERSION = YES;
				GCC_WARN_ABOUT_RETURN_TYPE = YES_ERROR;
				GCC_WARN_UNDECLARED_SELECTOR = YES;
				GCC_WARN_UNINITIALIZED_AUTOS = YES_AGGRESSIVE;
				GCC_WARN_UNUSED_FUNCTION = YES;
				GCC_WARN_UNUSED_VARIABLE = YES;
				IPHONEOS_DEPLOYMENT_TARGET = 17.0;
				LOCALIZATION_PREFERS_STRING_CATALOGS = YES;
				MTL_ENABLE_DEBUG_INFO = NO;
				MTL_FAST_MATH = YES;
				SDKROOT = iphoneos;
				SWIFT_COMPILATION_MODE = wholemodule;
				VALIDATE_PRODUCT = YES;
			};
			name = Release;
		};
		97E5FCD72A84132100E8BB0C /* Debug */ = {
			isa = XCBuildConfiguration;
			baseConfigurationReference = 653CA5658E9804154FAAE99F /* Pods-MafiaMindset.debug.xcconfig */;
			buildSettings = {
				ASSETCATALOG_COMPILER_APPICON_NAME = AppIcon;
				ASSETCATALOG_COMPILER_GLOBAL_ACCENT_COLOR_NAME = AccentColor;
				CODE_SIGN_STYLE = Automatic;
				CURRENT_PROJECT_VERSION = 25;
				DEVELOPMENT_TEAM = QV672Q7YV2;
				ENABLE_USER_SCRIPT_SANDBOXING = NO;
				GENERATE_INFOPLIST_FILE = YES;
				INFOPLIST_FILE = MafiaMindset/Assets/Info.plist;
				INFOPLIST_KEY_CFBundleDisplayName = Mafia;
				INFOPLIST_KEY_LSApplicationCategoryType = "";
				INFOPLIST_KEY_UIApplicationSupportsIndirectInputEvents = YES;
				INFOPLIST_KEY_UILaunchStoryboardName = LaunchScreen.storyboard;
				INFOPLIST_KEY_UIMainStoryboardFile = RootVC;
				INFOPLIST_KEY_UIRequiresFullScreen = YES;
				INFOPLIST_KEY_UIStatusBarStyle = UIStatusBarStyleLightContent;
				INFOPLIST_KEY_UISupportedInterfaceOrientations = UIInterfaceOrientationPortrait;
				IPHONEOS_DEPLOYMENT_TARGET = 15.0;
				LD_RUNPATH_SEARCH_PATHS = (
					"$(inherited)",
					"@executable_path/Frameworks",
				);
				MARKETING_VERSION = 1.0;
				PRODUCT_BUNDLE_IDENTIFIER = dev.mafset.Mafia;
				PRODUCT_NAME = "$(TARGET_NAME)";
				SUPPORTED_PLATFORMS = "iphoneos iphonesimulator";
				SUPPORTS_MACCATALYST = NO;
				SUPPORTS_MAC_DESIGNED_FOR_IPHONE_IPAD = NO;
				SWIFT_EMIT_LOC_STRINGS = YES;
				SWIFT_VERSION = 5.0;
				TARGETED_DEVICE_FAMILY = 1;
			};
			name = Debug;
		};
		97E5FCD82A84132100E8BB0C /* Release */ = {
			isa = XCBuildConfiguration;
			baseConfigurationReference = C246806C01FA99984BA02046 /* Pods-MafiaMindset.release.xcconfig */;
			buildSettings = {
				ASSETCATALOG_COMPILER_APPICON_NAME = AppIcon;
				ASSETCATALOG_COMPILER_GLOBAL_ACCENT_COLOR_NAME = AccentColor;
				CODE_SIGN_STYLE = Automatic;
				CURRENT_PROJECT_VERSION = 25;
				DEVELOPMENT_TEAM = QV672Q7YV2;
				ENABLE_USER_SCRIPT_SANDBOXING = NO;
				GENERATE_INFOPLIST_FILE = YES;
				INFOPLIST_FILE = MafiaMindset/Assets/Info.plist;
				INFOPLIST_KEY_CFBundleDisplayName = Mafia;
				INFOPLIST_KEY_LSApplicationCategoryType = "";
				INFOPLIST_KEY_UIApplicationSupportsIndirectInputEvents = YES;
				INFOPLIST_KEY_UILaunchStoryboardName = LaunchScreen.storyboard;
				INFOPLIST_KEY_UIMainStoryboardFile = RootVC;
				INFOPLIST_KEY_UIRequiresFullScreen = YES;
				INFOPLIST_KEY_UIStatusBarStyle = UIStatusBarStyleLightContent;
				INFOPLIST_KEY_UISupportedInterfaceOrientations = UIInterfaceOrientationPortrait;
				IPHONEOS_DEPLOYMENT_TARGET = 15.0;
				LD_RUNPATH_SEARCH_PATHS = (
					"$(inherited)",
					"@executable_path/Frameworks",
				);
				MARKETING_VERSION = 1.0;
				PRODUCT_BUNDLE_IDENTIFIER = dev.mafset.Mafia;
				PRODUCT_NAME = "$(TARGET_NAME)";
				SUPPORTED_PLATFORMS = "iphoneos iphonesimulator";
				SUPPORTS_MACCATALYST = NO;
				SUPPORTS_MAC_DESIGNED_FOR_IPHONE_IPAD = NO;
				SWIFT_EMIT_LOC_STRINGS = YES;
				SWIFT_VERSION = 5.0;
				TARGETED_DEVICE_FAMILY = 1;
			};
			name = Release;
		};
/* End XCBuildConfiguration section */

/* Begin XCConfigurationList section */
		97E5FCBD2A84131F00E8BB0C /* Build configuration list for PBXProject "MafiaMindset" */ = {
			isa = XCConfigurationList;
			buildConfigurations = (
				97E5FCD42A84132100E8BB0C /* Debug */,
				97E5FCD52A84132100E8BB0C /* Release */,
			);
			defaultConfigurationIsVisible = 0;
			defaultConfigurationName = Release;
		};
		97E5FCD62A84132100E8BB0C /* Build configuration list for PBXNativeTarget "MafiaMindset" */ = {
			isa = XCConfigurationList;
			buildConfigurations = (
				97E5FCD72A84132100E8BB0C /* Debug */,
				97E5FCD82A84132100E8BB0C /* Release */,
			);
			defaultConfigurationIsVisible = 0;
			defaultConfigurationName = Release;
		};
/* End XCConfigurationList section */
	};
	rootObject = 97E5FCBA2A84131F00E8BB0C /* Project object */;
}
